
Microsoft Visual Studio Solution File, Format Version 12.00
# Visual Studio Version 16
VisualStudioVersion = 16.0.29519.87
MinimumVisualStudioVersion = 10.0.40219.1
Project("{00D1A9C2-B5F0-4AF3-8072-F6C62B433612}") = "AzureNickDB", "AzureNickDB\AzureNickDB.sqlproj", "{7AB3B4D1-7E41-4743-B766-E56A352C86FE}"
EndProject
Global
	GlobalSection(SolutionConfigurationPlatforms) = preSolution
		Debug|Any CPU = Debug|Any CPU
		Release|Any CPU = Release|Any CPU
	EndGlobalSection
	GlobalSection(ProjectConfigurationPlatforms) = postSolution
		{7AB3B4D1-7E41-4743-B766-E56A352C86FE}.Debug|Any CPU.ActiveCfg = Debug|Any CPU
		{7AB3B4D1-7E41-4743-B766-E56A352C86FE}.Debug|Any CPU.Build.0 = Debug|Any CPU
		{7AB3B4D1-7E41-4743-B766-E56A352C86FE}.Debug|Any CPU.Deploy.0 = Debug|Any CPU
		{7AB3B4D1-7E41-4743-B766-E56A352C86FE}.Release|Any CPU.ActiveCfg = Release|Any CPU
		{7AB3B4D1-7E41-4743-B766-E56A352C86FE}.Release|Any CPU.Build.0 = Release|Any CPU
		{7AB3B4D1-7E41-4743-B766-E56A352C86FE}.Release|Any CPU.Deploy.0 = Release|Any CPU
	EndGlobalSection
	GlobalSection(SolutionProperties) = preSolution
		HideSolutionNode = FALSE
	EndGlobalSection
	GlobalSection(ExtensibilityGlobals) = postSolution
		SolutionGuid = {F0F3DAA6-A19D-4EAC-ACEE-10DF9FF18F99}
	EndGlobalSection
EndGlobal
